NeoBundleLock auto-pairs b647ef54cd2d991d5221b97fb5dbb3c0477fdc64
NeoBundleLock c.vim 69f0368c7d8dac196bd94ddfa80d98b1cedc7eb0
NeoBundleLock ctrlp.vim bd07a75d05d2dc47b670cb7d925fef38322d1e19
NeoBundleLock deoplete-go 213b7f215577c25ebc1841e2568f3505927f7d93
NeoBundleLock deoplete.nvim e5313e5e4ab26ee66447abfbe798c8b8c407d72c
NeoBundleLock gocode 1e9330d299c9cf5d4c036a1224d3e00bd311b299
NeoBundleLock neobundle.vim eefc3b845612d9476fc43efe495945c32d13cb5d
NeoBundleLock neocomplete.vim a21f22f19d6dbd0fb0d58b555c186138c4c9cfc9
NeoBundleLock neosnippet-snippets 65810a15db3f09384d62ddcd42d9f97dcb96dde9
NeoBundleLock neosnippet.vim bcb7620a852a542d0940a2ff691deb9da9309f07
NeoBundleLock nerdtree 4ebbb533c3faf2c480211db2b547972bb3b60f2b
NeoBundleLock nerdtree-git-plugin 2cc01be4e4246cfed534833c64624386d69a9ae3
NeoBundleLock netrw c2004d0f7da27eef7e9521bcd76e42d45c6a7126
NeoBundleLock syntastic 8e9aaa59d5dd05517198ecb27ba092f2198d4d1a
NeoBundleLock tagbar 7b36c46d17d57db34fdb0adac9ba6382d0bb5e66
NeoBundleLock vim-airline 110463970823f5cf7361fc9e5d5d29e6f28a2953
NeoBundleLock vim-clipper 742b4c02ccbfb05154a5f5409239ad1e311b7ba9
NeoBundleLock vim-colorschemes 28a989b28457e38df620e4c7ab23e224aff70efe
NeoBundleLock vim-fugitive 099d65826e0e0863552a92f7e574e3f24c8f4197
NeoBundleLock vim-gitgutter 28353bd0609ae7b8c7e01c70dce31700d8c6e654
NeoBundleLock vim-go fd5661a1e16a1fd41385d7011877bfa1f0a1353f
NeoBundleLock vim-lastplace 88f6e5c42b6c532eabcd5e8c3738c3acc3dce7b5
NeoBundleLock vim-lua d20bd022ccd3e4da91875c36eb61764bdebe0ea5
NeoBundleLock vim-markdown 4260faa48f5b89261f1168d4a1ad195106f5959c
NeoBundleLock vim-surround 2d05440ad23f97a7874ebd9b5de3a0e65d25d85c
NeoBundleLock vim-swift 19bbb5e1f9fc049e799f7a62e14933602f06d363
NeoBundleLock vim-tmux-navigator 1298b71c420f1d0abceba3f35cc710131f84d73b
NeoBundleLock vimproc.vim 4eb5ad813971a2a0cb3db1e1f85d4f68b46a7732
